<?xml version="1.0" encoding="utf-8"?>
<Project ToolsVersion="4.0" xmlns="http://schemas.microsoft.com/developer/msbuild/2003">
  <ItemGroup>
    <Filter Include="ヘッダー ファイル">
      <UniqueIdentifier>{93995380-89BD-4b04-88EB-625FBE52EBFB}</UniqueIdentifier>
      <Extensions>h;hh;hpp;hxx;h++;hm;inl;inc;ipp;xsd</Extensions>
    </Filter>
    <Filter Include="リソース ファイル">
      <UniqueIdentifier>{67DA6AB6-F800-4c08-8B7A-83BB121AAD01}</UniqueIdentifier>
      <Extensions>rc;ico;cur;bmp;dlg;rc2;rct;bin;rgs;gif;jpg;jpeg;jpe;resx;tiff;tif;png;wav;mfcribbon-ms</Extensions>
    </Filter>
    <Filter Include="ソース ファイル">
      <UniqueIdentifier>{4FC737F1-C7A5-4376-A066-2A32D752A2FF}</UniqueIdentifier>
      <Extensions>cpp;c;cc;cxx;c++;cppm;ixx;def;odl;idl;hpj;bat;asm;asmx</Extensions>
    </Filter>
    <Filter Include="shader">
      <UniqueIdentifier>{9a519020-0428-4129-9f05-2a7777035a71}</UniqueIdentifier>
    </Filter>
    <Filter Include="アイテム関係">
      <UniqueIdentifier>{e3ce501d-fb5c-423d-af6b-ea17bb91dedd}</UniqueIdentifier>
    </Filter>
    <Filter Include="エネミー関係">
      <UniqueIdentifier>{a78b1a36-7d3d-422e-ad83-766ebf7cd23a}</UniqueIdentifier>
    </Filter>
    <Filter Include="攻撃関連">
      <UniqueIdentifier>{37fc9019-c9af-4c2a-bcf6-abafff584fbf}</UniqueIdentifier>
    </Filter>
    <Filter Include="UI関連">
      <UniqueIdentifier>{c2632b95-1ea2-4826-8348-9dd1580f1726}</UniqueIdentifier>
    </Filter>
    <Filter Include="ステージ関係">
      <UniqueIdentifier>{91d18140-9d06-4008-8926-673a5d730a4a}</UniqueIdentifier>
    </Filter>
    <Filter Include="パーティクル">
      <UniqueIdentifier>{e168f591-ad3f-48f5-b4a4-adabc5a6a75b}</UniqueIdentifier>
    </Filter>
    <Filter Include="オーディオ">
      <UniqueIdentifier>{b152f653-99a0-4373-bdc2-b51bfa36184c}</UniqueIdentifier>
    </Filter>
    <Filter Include="エネミー関係\射撃エネミー">
      <UniqueIdentifier>{206e119f-ce75-46ac-ab0a-08af236db65c}</UniqueIdentifier>
    </Filter>
    <Filter Include="エネミー関係\横切りエネミー">
      <UniqueIdentifier>{d13b5183-749b-40bf-b030-efc46ddd8676}</UniqueIdentifier>
    </Filter>
  </ItemGroup>
  <ItemGroup>
    <ClCompile Include="main.cpp">
      <Filter>ソース ファイル</Filter>
    </ClCompile>
    <ClCompile Include="manager.cpp">
      <Filter>ソース ファイル</Filter>
    </ClCompile>
    <ClCompile Include="renderer.cpp">
      <Filter>ソース ファイル</Filter>
    </ClCompile>
    <ClCompile Include="polygon.cpp">
      <Filter>ソース ファイル</Filter>
    </ClCompile>
    <ClCompile Include="field.cpp">
      <Filter>ソース ファイル</Filter>
    </ClCompile>
    <ClCompile Include="vector3.cpp">
      <Filter>ソース ファイル</Filter>
    </ClCompile>
    <ClCompile Include="camera.cpp">
      <Filter>ソース ファイル</Filter>
    </ClCompile>
    <ClCompile Include="input.cpp">
      <Filter>ソース ファイル</Filter>
    </ClCompile>
    <ClCompile Include="modelRenderer.cpp">
      <Filter>ソース ファイル</Filter>
    </ClCompile>
    <ClCompile Include="player.cpp">
      <Filter>ソース ファイル</Filter>
    </ClCompile>
    <ClCompile Include="box.cpp">
      <Filter>ソース ファイル</Filter>
    </ClCompile>
    <ClCompile Include="bullet.cpp">
      <Filter>ソース ファイル</Filter>
    </ClCompile>
    <ClCompile Include="coin.cpp">
      <Filter>ソース ファイル</Filter>
    </ClCompile>
    <ClCompile Include="explosion.cpp">
      <Filter>ソース ファイル</Filter>
    </ClCompile>
    <ClCompile Include="texture.cpp">
      <Filter>ソース ファイル</Filter>
    </ClCompile>
    <ClCompile Include="scene.cpp">
      <Filter>ソース ファイル</Filter>
    </ClCompile>
    <ClCompile Include="game.cpp">
      <Filter>ソース ファイル</Filter>
    </ClCompile>
    <ClCompile Include="title.cpp">
      <Filter>ソース ファイル</Filter>
    </ClCompile>
    <ClCompile Include="lowtier_exp_item.cpp">
      <Filter>アイテム関係</Filter>
    </ClCompile>
    <ClCompile Include="midtier_exp_item.cpp">
      <Filter>アイテム関係</Filter>
    </ClCompile>
    <ClCompile Include="hightier_exp_item.cpp">
      <Filter>アイテム関係</Filter>
    </ClCompile>
    <ClCompile Include="enemy.cpp">
      <Filter>エネミー関係</Filter>
    </ClCompile>
    <ClCompile Include="gametimer.cpp">
      <Filter>ソース ファイル</Filter>
    </ClCompile>
    <ClCompile Include="levelone_enemy.cpp">
      <Filter>エネミー関係</Filter>
    </ClCompile>
    <ClCompile Include="leveltwo_enemy.cpp">
      <Filter>エネミー関係</Filter>
    </ClCompile>
    <ClCompile Include="levelthree_enemy.cpp">
      <Filter>エネミー関係</Filter>
    </ClCompile>
    <ClCompile Include="levelfour_enemy.cpp">
      <Filter>エネミー関係</Filter>
    </ClCompile>
    <ClCompile Include="enemy_manager.cpp">
      <Filter>エネミー関係</Filter>
    </ClCompile>
    <ClCompile Include="gameender_enemy.cpp">
      <Filter>エネミー関係</Filter>
    </ClCompile>
    <ClCompile Include="levelfive_enemy.cpp">
      <Filter>エネミー関係</Filter>
    </ClCompile>
    <ClCompile Include="attackbase_bullet.cpp">
      <Filter>攻撃関連</Filter>
    </ClCompile>
    <ClCompile Include="score.cpp">
      <Filter>UI関連</Filter>
    </ClCompile>
    <ClCompile Include="hp_ui.cpp">
      <Filter>UI関連</Filter>
    </ClCompile>
    <ClCompile Include="stage_field.cpp">
      <Filter>ステージ関係</Filter>
    </ClCompile>
    <ClCompile Include="skydome.cpp">
      <Filter>ステージ関係</Filter>
    </ClCompile>
    <ClCompile Include="bulletattack.cpp">
      <Filter>攻撃関連</Filter>
    </ClCompile>
    <ClCompile Include="swordattack.cpp">
      <Filter>攻撃関連</Filter>
    </ClCompile>
    <ClCompile Include="attackbase_sword.cpp">
      <Filter>攻撃関連</Filter>
    </ClCompile>
    <ClCompile Include="attackbase_shuriken.cpp">
      <Filter>攻撃関連</Filter>
    </ClCompile>
    <ClCompile Include="shurikenattack.cpp">
      <Filter>攻撃関連</Filter>
    </ClCompile>
    <ClCompile Include="pause.cpp">
      <Filter>UI関連</Filter>
    </ClCompile>
    <ClCompile Include="fade.cpp">
      <Filter>ソース ファイル</Filter>
    </ClCompile>
    <ClCompile Include="attack_manager.cpp">
      <Filter>攻撃関連</Filter>
    </ClCompile>
    <ClCompile Include="explosion_particle.cpp">
      <Filter>パーティクル</Filter>
    </ClCompile>
    <ClCompile Include="particle.cpp">
      <Filter>パーティクル</Filter>
    </ClCompile>
    <ClCompile Include="result.cpp">
      <Filter>ソース ファイル</Filter>
    </ClCompile>
    <ClCompile Include="result_ui.cpp">
      <Filter>UI関連</Filter>
    </ClCompile>
    <ClCompile Include="model_manager.cpp">
      <Filter>ソース ファイル</Filter>
    </ClCompile>
    <ClCompile Include="controller.cpp">
      <Filter>ソース ファイル</Filter>
    </ClCompile>
    <ClCompile Include="manager_soundeffect.cpp">
      <Filter>オーディオ</Filter>
    </ClCompile>
    <ClCompile Include="audio.cpp">
      <Filter>オーディオ</Filter>
    </ClCompile>
    <ClCompile Include="shader_manager.cpp">
      <Filter>ソース ファイル</Filter>
    </ClCompile>
    <ClCompile Include="exp_ui.cpp">
      <Filter>UI関連</Filter>
    </ClCompile>
    <ClCompile Include="enemy_bullet.cpp">
      <Filter>エネミー関係\射撃エネミー</Filter>
    </ClCompile>
    <ClCompile Include="levelone_shooterenemy.cpp">
      <Filter>エネミー関係\射撃エネミー</Filter>
    </ClCompile>
    <ClCompile Include="leveltwo_shooterenemy.cpp">
      <Filter>エネミー関係\射撃エネミー</Filter>
    </ClCompile>
    <ClCompile Include="levelthree_shooterenemy.cpp">
      <Filter>エネミー関係\射撃エネミー</Filter>
    </ClCompile>
    <ClCompile Include="levelfour_shooterenemy.cpp">
      <Filter>エネミー関係\射撃エネミー</Filter>
    </ClCompile>
    <ClCompile Include="levelfive_shooterenemy.cpp">
      <Filter>エネミー関係\射撃エネミー</Filter>
    </ClCompile>
    <ClCompile Include="shooterenemy_manager.cpp">
      <Filter>エネミー関係\射撃エネミー</Filter>
    </ClCompile>
    <ClCompile Include="levelone_swarmenemy.cpp">
      <Filter>エネミー関係\横切りエネミー</Filter>
    </ClCompile>
    <ClCompile Include="swarmenemy_manager.cpp">
      <Filter>エネミー関係\横切りエネミー</Filter>
    </ClCompile>
  </ItemGroup>
  <ItemGroup>
    <ClInclude Include="main.h">
      <Filter>ヘッダー ファイル</Filter>
    </ClInclude>
    <ClInclude Include="manager.h">
      <Filter>ヘッダー ファイル</Filter>
    </ClInclude>
    <ClInclude Include="renderer.h">
      <Filter>ヘッダー ファイル</Filter>
    </ClInclude>
    <ClInclude Include="polygon.h">
      <Filter>ヘッダー ファイル</Filter>
    </ClInclude>
    <ClInclude Include="field.h">
      <Filter>ヘッダー ファイル</Filter>
    </ClInclude>
    <ClInclude Include="vector3.h">
      <Filter>ヘッダー ファイル</Filter>
    </ClInclude>
    <ClInclude Include="camera.h">
      <Filter>ヘッダー ファイル</Filter>
    </ClInclude>
    <ClInclude Include="component.h">
      <Filter>ヘッダー ファイル</Filter>
    </ClInclude>
    <ClInclude Include="input.h">
      <Filter>ヘッダー ファイル</Filter>
    </ClInclude>
    <ClInclude Include="modelRenderer.h">
      <Filter>ヘッダー ファイル</Filter>
    </ClInclude>
    <ClInclude Include="player.h">
      <Filter>ヘッダー ファイル</Filter>
    </ClInclude>
    <ClInclude Include="gameobject.h">
      <Filter>ヘッダー ファイル</Filter>
    </ClInclude>
    <ClInclude Include="box.h">
      <Filter>ヘッダー ファイル</Filter>
    </ClInclude>
    <ClInclude Include="bullet.h">
      <Filter>ヘッダー ファイル</Filter>
    </ClInclude>
    <ClInclude Include="coin.h">
      <Filter>ヘッダー ファイル</Filter>
    </ClInclude>
    <ClInclude Include="explosion.h">
      <Filter>ヘッダー ファイル</Filter>
    </ClInclude>
    <ClInclude Include="texture.h">
      <Filter>ヘッダー ファイル</Filter>
    </ClInclude>
    <ClInclude Include="scene.h">
      <Filter>ヘッダー ファイル</Filter>
    </ClInclude>
    <ClInclude Include="title.h">
      <Filter>ヘッダー ファイル</Filter>
    </ClInclude>
    <ClInclude Include="game.h">
      <Filter>ヘッダー ファイル</Filter>
    </ClInclude>
    <ClInclude Include="exp_item.h">
      <Filter>アイテム関係</Filter>
    </ClInclude>
    <ClInclude Include="lowtier_exp_item.h">
      <Filter>アイテム関係</Filter>
    </ClInclude>
    <ClInclude Include="midtier_exp_item.h">
      <Filter>アイテム関係</Filter>
    </ClInclude>
    <ClInclude Include="hightier_exp_item.h">
      <Filter>アイテム関係</Filter>
    </ClInclude>
    <ClInclude Include="exp_item_manager.h">
      <Filter>アイテム関係</Filter>
    </ClInclude>
    <ClInclude Include="enemy.h">
      <Filter>エネミー関係</Filter>
    </ClInclude>
    <ClInclude Include="enemybase.h">
      <Filter>エネミー関係</Filter>
    </ClInclude>
    <ClInclude Include="enemy_manager.h">
      <Filter>エネミー関係</Filter>
    </ClInclude>
    <ClInclude Include="gametimer.h">
      <Filter>ヘッダー ファイル</Filter>
    </ClInclude>
    <ClInclude Include="levelone_enemy.h">
      <Filter>エネミー関係</Filter>
    </ClInclude>
    <ClInclude Include="leveltwo_enemy.h">
      <Filter>エネミー関係</Filter>
    </ClInclude>
    <ClInclude Include="levelthree_enemy.h">
      <Filter>エネミー関係</Filter>
    </ClInclude>
    <ClInclude Include="levelfour_enemy.h">
      <Filter>エネミー関係</Filter>
    </ClInclude>
    <ClInclude Include="gameender_enemy.h">
      <Filter>エネミー関係</Filter>
    </ClInclude>
    <ClInclude Include="levelfive_enemy.h">
      <Filter>エネミー関係</Filter>
    </ClInclude>
    <ClInclude Include="attackbase.h">
      <Filter>攻撃関連</Filter>
    </ClInclude>
    <ClInclude Include="attackbase_bullet.h">
      <Filter>攻撃関連</Filter>
    </ClInclude>
    <ClInclude Include="bulletattack.h">
      <Filter>攻撃関連</Filter>
    </ClInclude>
    <ClInclude Include="score.h">
      <Filter>UI関連</Filter>
    </ClInclude>
    <ClInclude Include="hp_ui.h">
      <Filter>UI関連</Filter>
    </ClInclude>
    <ClInclude Include="stage_field.h">
      <Filter>ステージ関係</Filter>
    </ClInclude>
    <ClInclude Include="skydome.h">
      <Filter>ステージ関係</Filter>
    </ClInclude>
    <ClInclude Include="attackbase_sword.h">
      <Filter>攻撃関連</Filter>
    </ClInclude>
    <ClInclude Include="swordattack.h">
      <Filter>攻撃関連</Filter>
    </ClInclude>
    <ClInclude Include="attackbase_shuriken.h">
      <Filter>攻撃関連</Filter>
    </ClInclude>
    <ClInclude Include="shurikenattack.h">
      <Filter>攻撃関連</Filter>
    </ClInclude>
    <ClInclude Include="pause.h">
      <Filter>UI関連</Filter>
    </ClInclude>
    <ClInclude Include="attack_manager.h">
      <Filter>攻撃関連</Filter>
    </ClInclude>
    <ClInclude Include="fade.h">
      <Filter>ヘッダー ファイル</Filter>
    </ClInclude>
    <ClInclude Include="explosion_particle.h">
      <Filter>パーティクル</Filter>
    </ClInclude>
    <ClInclude Include="particle.h">
      <Filter>パーティクル</Filter>
    </ClInclude>
    <ClInclude Include="result.h">
      <Filter>ヘッダー ファイル</Filter>
    </ClInclude>
    <ClInclude Include="result_ui.h">
      <Filter>UI関連</Filter>
    </ClInclude>
    <ClInclude Include="model_manager.h">
      <Filter>ヘッダー ファイル</Filter>
    </ClInclude>
    <ClInclude Include="controller.h">
      <Filter>ヘッダー ファイル</Filter>
    </ClInclude>
    <ClInclude Include="audio.h">
      <Filter>オーディオ</Filter>
    </ClInclude>
    <ClInclude Include="manager_soundeffect.h">
      <Filter>オーディオ</Filter>
    </ClInclude>
    <ClInclude Include="shader_manager.h">
      <Filter>ヘッダー ファイル</Filter>
    </ClInclude>
    <ClInclude Include="exp_ui.h">
      <Filter>UI関連</Filter>
    </ClInclude>
    <ClInclude Include="shooterenemybase.h">
      <Filter>エネミー関係\射撃エネミー</Filter>
    </ClInclude>
    <ClInclude Include="enemy_bullet.h">
      <Filter>エネミー関係\射撃エネミー</Filter>
    </ClInclude>
    <ClInclude Include="levelone_shooterenemy.h">
      <Filter>エネミー関係\射撃エネミー</Filter>
    </ClInclude>
    <ClInclude Include="leveltwo_shooterenemy.h">
      <Filter>エネミー関係\射撃エネミー</Filter>
    </ClInclude>
    <ClInclude Include="levelthree_shooterenemy.h">
      <Filter>エネミー関係\射撃エネミー</Filter>
    </ClInclude>
    <ClInclude Include="levelfour_shooterenemy.h">
      <Filter>エネミー関係\射撃エネミー</Filter>
    </ClInclude>
    <ClInclude Include="levelfive_shooterenemy.h">
      <Filter>エネミー関係\射撃エネミー</Filter>
    </ClInclude>
    <ClInclude Include="shooterenemy_manager.h">
      <Filter>エネミー関係\射撃エネミー</Filter>
    </ClInclude>
    <ClInclude Include="swarmenemybase.h">
      <Filter>エネミー関係\横切りエネミー</Filter>
    </ClInclude>
    <ClInclude Include="levelone_swarmenemy.h">
      <Filter>エネミー関係\横切りエネミー</Filter>
    </ClInclude>
    <ClInclude Include="swarmenemy_manager.h">
      <Filter>エネミー関係\横切りエネミー</Filter>
    </ClInclude>
  </ItemGroup>
  <ItemGroup>
    <FxCompile Include="common.hlsl">
      <Filter>shader</Filter>
    </FxCompile>
    <FxCompile Include="unlitTexturePS.hlsl">
      <Filter>shader</Filter>
    </FxCompile>
    <FxCompile Include="unlitTextureVS.hlsl">
      <Filter>shader</Filter>
    </FxCompile>
    <FxCompile Include="pixelLightingBlinnPhongPS.hlsl">
      <Filter>shader</Filter>
    </FxCompile>
    <FxCompile Include="toon2PS.hlsl">
      <Filter>shader</Filter>
    </FxCompile>
    <FxCompile Include="toon2VS.hlsl">
      <Filter>shader</Filter>
    </FxCompile>
    <FxCompile Include="toon1PS.hlsl">
      <Filter>shader</Filter>
    </FxCompile>
    <FxCompile Include="toon1VS.hlsl">
      <Filter>shader</Filter>
    </FxCompile>
    <FxCompile Include="pixelLightingBlinnPhongVS.hlsl">
      <Filter>shader</Filter>
    </FxCompile>
    <FxCompile Include="ToonPSEdge.hlsl">
      <Filter>shader</Filter>
    </FxCompile>
    <FxCompile Include="ToonVSEdge.hlsl">
      <Filter>shader</Filter>
    </FxCompile>
    <FxCompile Include="vertexDirectionalLightingPS.hlsl">
      <Filter>shader</Filter>
    </FxCompile>
    <FxCompile Include="vertexDirectionalLightingVS.hlsl">
      <Filter>shader</Filter>
    </FxCompile>
  </ItemGroup>
</Project>